
Microsoft Visual Studio Solution File, Format Version 12.00
# Visual Studio Version 16
VisualStudioVersion = 16.0.29411.108
MinimumVisualStudioVersion = 10.0.40219.1
Project("{FAE04EC0-301F-11D3-BF4B-00C04F79EFBC}") = "BlueprintEditor2", "BlueprintEditor2\BlueprintEditor2.csproj", "{51809FD9-2A2D-4FA7-B10D-91808CCA854B}"
EndProject
Project("{FAE04EC0-301F-11D3-BF4B-00C04F79EFBC}") = "Updater", "Updater\Updater.csproj", "{81BE82A0-9713-47C0-9B6D-7E48AAB3FDCA}"
EndProject
Global
	GlobalSection(SolutionConfigurationPlatforms) = preSolution
		Debug|Any CPU = Debug|Any CPU
		Release|Any CPU = Release|Any CPU
	EndGlobalSection
	GlobalSection(ProjectConfigurationPlatforms) = postSolution
		{51809FD9-2A2D-4FA7-B10D-91808CCA854B}.Debug|Any CPU.ActiveCfg = Debug|Any CPU
		{51809FD9-2A2D-4FA7-B10D-91808CCA854B}.Debug|Any CPU.Build.0 = Debug|Any CPU
		{51809FD9-2A2D-4FA7-B10D-91808CCA854B}.Release|Any CPU.ActiveCfg = Release|Any CPU
		{51809FD9-2A2D-4FA7-B10D-91808CCA854B}.Release|Any CPU.Build.0 = Release|Any CPU
		{81BE82A0-9713-47C0-9B6D-7E48AAB3FDCA}.Debug|Any CPU.ActiveCfg = Debug|Any CPU
		{81BE82A0-9713-47C0-9B6D-7E48AAB3FDCA}.Debug|Any CPU.Build.0 = Debug|Any CPU
		{81BE82A0-9713-47C0-9B6D-7E48AAB3FDCA}.Release|Any CPU.ActiveCfg = Release|Any CPU
		{81BE82A0-9713-47C0-9B6D-7E48AAB3FDCA}.Release|Any CPU.Build.0 = Release|Any CPU
	EndGlobalSection
	GlobalSection(SolutionProperties) = preSolution
		HideSolutionNode = FALSE
	EndGlobalSection
	GlobalSection(ExtensibilityGlobals) = postSolution
		SolutionGuid = {4089DA42-7786-4565-9C93-17A654529CFD}
	EndGlobalSection
EndGlobal
